{
    "version": 3,
    "terraform_version": "0.11.11",
    "serial": 3,
    "lineage": "ce0ace11-e1c4-f69f-18d0-63ddb5a77f97",
    "modules": [
        {
            "path": [
                "root"
            ],
            "outputs": {
                "instance_id_web": {
                    "sensitive": false,
                    "type": "string",
                    "value": "i-01d9eade5af25ca4b"
                }
            },
            "resources": {
                "aws_instance.web": {
                    "type": "aws_instance",
                    "depends_on": [],
                    "primary": {
                        "id": "i-01d9eade5af25ca4b",
                        "attributes": {
                            "ami": "ami-0fad7378adf284ce0",
                            "arn": "arn:aws:ec2:eu-west-1:083569631946:instance/i-01d9eade5af25ca4b",
                            "associate_public_ip_address": "true",
                            "availability_zone": "eu-west-1a",
                            "cpu_core_count": "1",
                            "cpu_threads_per_core": "1",
                            "credit_specification.#": "1",
                            "credit_specification.0.cpu_credits": "standard",
                            "disable_api_termination": "false",
                            "ebs_block_device.#": "0",
                            "ebs_optimized": "false",
                            "ephemeral_block_device.#": "0",
                            "get_password_data": "false",
                            "iam_instance_profile": "",
                            "id": "i-01d9eade5af25ca4b",
                            "instance_state": "running",
                            "instance_type": "t2.micro",
                            "ipv6_addresses.#": "0",
                            "key_name": "",
                            "monitoring": "false",
                            "network_interface.#": "0",
                            "network_interface_id": "eni-0b447df4848b01f57",
                            "password_data": "",
                            "placement_group": "",
                            "primary_network_interface_id": "eni-0b447df4848b01f57",
                            "private_dns": "ip-10-0-18-39.eu-west-1.compute.internal",
                            "private_ip": "10.0.18.39",
                            "public_dns": "ec2-34-241-104-84.eu-west-1.compute.amazonaws.com",
                            "public_ip": "34.241.104.84",
                            "root_block_device.#": "1",
                            "root_block_device.0.delete_on_termination": "true",
                            "root_block_device.0.iops": "100",
                            "root_block_device.0.volume_id": "vol-0b1bdeaed942a42a2",
                            "root_block_device.0.volume_size": "8",
                            "root_block_device.0.volume_type": "gp2",
                            "security_groups.#": "0",
                            "source_dest_check": "true",
                            "subnet_id": "subnet-0914a11bb4309b5a4",
                            "tags.%": "1",
                            "tags.Name": "HelloAryansWorld",
                            "tenancy": "default",
                            "volume_tags.%": "0",
                            "vpc_security_group_ids.#": "1",
                            "vpc_security_group_ids.2404266112": "sg-0cfbe79762931c423"
                        },
                        "meta": {
                            "e2bfb730-ecaa-11e6-8f88-34363bc7c4c0": {
                                "create": 600000000000,
                                "delete": 1200000000000,
                                "update": 600000000000
                            },
                            "schema_version": "1"
                        },
                        "tainted": false
                    },
                    "deposed": [],
                    "provider": "provider.aws"
                }
            },
            "depends_on": []
        }
    ]
}
