{
    "version": 3,
    "terraform_version": "0.11.11",
    "serial": 7,
    "lineage": "1ab75ab8-6784-c089-105d-b5d8dac8f9c0",
    "modules": [
        {
            "path": [
                "root"
            ],
            "outputs": {},
            "resources": {
                "aws_internet_gateway.main_gw_aryan": {
                    "type": "aws_internet_gateway",
                    "depends_on": [
                        "aws_vpc.my_first_aryan_vpc"
                    ],
                    "primary": {
                        "id": "igw-09bc46176d8f5b66d",
                        "attributes": {
                            "id": "igw-09bc46176d8f5b66d",
                            "owner_id": "083569631946",
                            "tags.%": "1",
                            "tags.Name": "AryanIGW",
                            "vpc_id": "vpc-0ac0183d4f1fa8564"
                        },
                        "meta": {},
                        "tainted": false
                    },
                    "deposed": [],
                    "provider": "provider.aws"
                },
                "aws_route_table.rt_public_aryan": {
                    "type": "aws_route_table",
                    "depends_on": [
                        "aws_internet_gateway.main_gw_aryan",
                        "aws_vpc.my_first_aryan_vpc"
                    ],
                    "primary": {
                        "id": "rtb-08fff3f0db29a9864",
                        "attributes": {
                            "id": "rtb-08fff3f0db29a9864",
                            "owner_id": "083569631946",
                            "propagating_vgws.#": "0",
                            "route.#": "1",
                            "route.3963439512.cidr_block": "0.0.0.0/0",
                            "route.3963439512.egress_only_gateway_id": "",
                            "route.3963439512.gateway_id": "igw-09bc46176d8f5b66d",
                            "route.3963439512.instance_id": "",
                            "route.3963439512.ipv6_cidr_block": "",
                            "route.3963439512.nat_gateway_id": "",
                            "route.3963439512.network_interface_id": "",
                            "route.3963439512.transit_gateway_id": "",
                            "route.3963439512.vpc_peering_connection_id": "",
                            "tags.%": "1",
                            "tags.Name": "RTPubAryan",
                            "vpc_id": "vpc-0ac0183d4f1fa8564"
                        },
                        "meta": {},
                        "tainted": false
                    },
                    "deposed": [],
                    "provider": "provider.aws"
                },
                "aws_subnet.public.0": {
                    "type": "aws_subnet",
                    "depends_on": [
                        "aws_vpc.my_first_aryan_vpc"
                    ],
                    "primary": {
                        "id": "subnet-0c65bb8e7b484ff43",
                        "attributes": {
                            "arn": "arn:aws:ec2:eu-west-1:083569631946:subnet/subnet-0c65bb8e7b484ff43",
                            "assign_ipv6_address_on_creation": "false",
                            "availability_zone": "eu-west-1a",
                            "availability_zone_id": "euw1-az2",
                            "cidr_block": "10.0.1.0/24",
                            "id": "subnet-0c65bb8e7b484ff43",
                            "ipv6_cidr_block": "",
                            "ipv6_cidr_block_association_id": "",
                            "map_public_ip_on_launch": "true",
                            "owner_id": "083569631946",
                            "tags.%": "1",
                            "tags.Name": "AryanSN0",
                            "vpc_id": "vpc-0ac0183d4f1fa8564"
                        },
                        "meta": {
                            "e2bfb730-ecaa-11e6-8f88-34363bc7c4c0": {
                                "create": 600000000000,
                                "delete": 600000000000
                            },
                            "schema_version": "1"
                        },
                        "tainted": false
                    },
                    "deposed": [],
                    "provider": "provider.aws"
                },
                "aws_subnet.public.1": {
                    "type": "aws_subnet",
                    "depends_on": [
                        "aws_vpc.my_first_aryan_vpc"
                    ],
                    "primary": {
                        "id": "subnet-087ac944144d5a88a",
                        "attributes": {
                            "arn": "arn:aws:ec2:eu-west-1:083569631946:subnet/subnet-087ac944144d5a88a",
                            "assign_ipv6_address_on_creation": "false",
                            "availability_zone": "eu-west-1b",
                            "availability_zone_id": "euw1-az3",
                            "cidr_block": "10.0.2.0/24",
                            "id": "subnet-087ac944144d5a88a",
                            "ipv6_cidr_block": "",
                            "ipv6_cidr_block_association_id": "",
                            "map_public_ip_on_launch": "true",
                            "owner_id": "083569631946",
                            "tags.%": "1",
                            "tags.Name": "AryanSN1",
                            "vpc_id": "vpc-0ac0183d4f1fa8564"
                        },
                        "meta": {
                            "e2bfb730-ecaa-11e6-8f88-34363bc7c4c0": {
                                "create": 600000000000,
                                "delete": 600000000000
                            },
                            "schema_version": "1"
                        },
                        "tainted": false
                    },
                    "deposed": [],
                    "provider": "provider.aws"
                },
                "aws_subnet.public.2": {
                    "type": "aws_subnet",
                    "depends_on": [
                        "aws_vpc.my_first_aryan_vpc"
                    ],
                    "primary": {
                        "id": "subnet-01c33030fe8e93e8d",
                        "attributes": {
                            "arn": "arn:aws:ec2:eu-west-1:083569631946:subnet/subnet-01c33030fe8e93e8d",
                            "assign_ipv6_address_on_creation": "false",
                            "availability_zone": "eu-west-1c",
                            "availability_zone_id": "euw1-az1",
                            "cidr_block": "10.0.3.0/24",
                            "id": "subnet-01c33030fe8e93e8d",
                            "ipv6_cidr_block": "",
                            "ipv6_cidr_block_association_id": "",
                            "map_public_ip_on_launch": "true",
                            "owner_id": "083569631946",
                            "tags.%": "1",
                            "tags.Name": "AryanSN2",
                            "vpc_id": "vpc-0ac0183d4f1fa8564"
                        },
                        "meta": {
                            "e2bfb730-ecaa-11e6-8f88-34363bc7c4c0": {
                                "create": 600000000000,
                                "delete": 600000000000
                            },
                            "schema_version": "1"
                        },
                        "tainted": false
                    },
                    "deposed": [],
                    "provider": "provider.aws"
                },
                "aws_vpc.my_first_aryan_vpc": {
                    "type": "aws_vpc",
                    "depends_on": [],
                    "primary": {
                        "id": "vpc-0ac0183d4f1fa8564",
                        "attributes": {
                            "arn": "arn:aws:ec2:eu-west-1:083569631946:vpc/vpc-0ac0183d4f1fa8564",
                            "assign_generated_ipv6_cidr_block": "false",
                            "cidr_block": "10.0.0.0/16",
                            "default_network_acl_id": "acl-0b99f0197570cb8bf",
                            "default_route_table_id": "rtb-02c988bc46932b955",
                            "default_security_group_id": "sg-0d7dc9b2cb51ee260",
                            "dhcp_options_id": "dopt-fb9c069d",
                            "enable_classiclink": "false",
                            "enable_classiclink_dns_support": "false",
                            "enable_dns_hostnames": "false",
                            "enable_dns_support": "true",
                            "id": "vpc-0ac0183d4f1fa8564",
                            "instance_tenancy": "default",
                            "ipv6_association_id": "",
                            "ipv6_cidr_block": "",
                            "main_route_table_id": "rtb-02c988bc46932b955",
                            "owner_id": "083569631946",
                            "tags.%": "1",
                            "tags.Name": "MyFirstAryanVPC"
                        },
                        "meta": {
                            "schema_version": "1"
                        },
                        "tainted": false
                    },
                    "deposed": [],
                    "provider": "provider.aws"
                }
            },
            "depends_on": []
        }
    ]
}
